
Microsoft Visual Studio Solution File, Format Version 12.00
# Visual Studio 15
VisualStudioVersion = 15.0.28307.572
MinimumVisualStudioVersion = 10.0.40219.1
Project("{FAE04EC0-301F-11D3-BF4B-00C04F79EFBC}") = "LPlayer", "LPlayer\LPlayer.csproj", "{0AE23D07-A46A-4406-B5E4-833B69A73ED6}"
EndProject
Global
	GlobalSection(SolutionConfigurationPlatforms) = preSolution
		Debug|Any CPU = Debug|Any CPU
		Release|Any CPU = Release|Any CPU
	EndGlobalSection
	GlobalSection(ProjectConfigurationPlatforms) = postSolution
		{0AE23D07-A46A-4406-B5E4-833B69A73ED6}.Debug|Any CPU.ActiveCfg = Debug|Any CPU
		{0AE23D07-A46A-4406-B5E4-833B69A73ED6}.Debug|Any CPU.Build.0 = Debug|Any CPU
		{0AE23D07-A46A-4406-B5E4-833B69A73ED6}.Release|Any CPU.ActiveCfg = Release|Any CPU
		{0AE23D07-A46A-4406-B5E4-833B69A73ED6}.Release|Any CPU.Build.0 = Release|Any CPU
	EndGlobalSection
	GlobalSection(SolutionProperties) = preSolution
		HideSolutionNode = FALSE
	EndGlobalSection
	GlobalSection(ExtensibilityGlobals) = postSolution
		SolutionGuid = {E62B9FCA-4036-4FAB-B222-826557BDAEA8}
	EndGlobalSection
EndGlobal
